// !$*UTF8*$!
{
	archiveVersion = 1;
	classes = {
	};
	objectVersion = 50;
	objects = {

/* Begin PBXBuildFile section */
		570BD7172090FAA4002416BA /* AppDelegate.swift in Sources */ = {isa = PBXBuildFile; fileRef = 570BD7162090FAA4002416BA /* AppDelegate.swift */; };
		570BD7192090FAA4002416BA /* ViewController.swift in Sources */ = {isa = PBXBuildFile; fileRef = 570BD7182090FAA4002416BA /* ViewController.swift */; };
		570BD71C2090FAA4002416BA /* Main.storyboard in Resources */ = {isa = PBXBuildFile; fileRef = 570BD71A2090FAA4002416BA /* Main.storyboard */; };
		570BD71E2090FAA6002416BA /* Assets.xcassets in Resources */ = {isa = PBXBuildFile; fileRef = 570BD71D2090FAA6002416BA /* Assets.xcassets */; };
		570BD7212090FAA6002416BA /* LaunchScreen.storyboard in Resources */ = {isa = PBXBuildFile; fileRef = 570BD71F2090FAA6002416BA /* LaunchScreen.storyboard */; };
		570BD7292090FF0F002416BA /* Pokemon.swift in Sources */ = {isa = PBXBuildFile; fileRef = 570BD7282090FF0F002416BA /* Pokemon.swift */; };
/* End PBXBuildFile section */

/* Begin PBXFileReference section */
		570BD7132090FAA4002416BA /* materualAuxiliar.app */ = {isa = PBXFileReference; explicitFileType = wrapper.application; includeInIndex = 0; path = materualAuxiliar.app; sourceTree = BUILT_PRODUCTS_DIR; };
		570BD7162090FAA4002416BA /* AppDelegate.swift */ = {isa = PBXFileReference; lastKnownFileType = sourcecode.swift; path = AppDelegate.swift; sourceTree = "<group>"; };
		570BD7182090FAA4002416BA /* ViewController.swift */ = {isa = PBXFileReference; lastKnownFileType = sourcecode.swift; path = ViewController.swift; sourceTree = "<group>"; };
		570BD71B2090FAA4002416BA /* Base */ = {isa = PBXFileReference; lastKnownFileType = file.storyboard; name = Base; path = Base.lproj/Main.storyboard; sourceTree = "<group>"; };
		570BD71D2090FAA6002416BA /* Assets.xcassets */ = {isa = PBXFileReference; lastKnownFileType = folder.assetcatalog; path = Assets.xcassets; sourceTree = "<group>"; };
		570BD7202090FAA6002416BA /* Base */ = {isa = PBXFileReference; lastKnownFileType = file.storyboard; name = Base; path = Base.lproj/LaunchScreen.storyboard; sourceTree = "<group>"; };
		570BD7222090FAA6002416BA /* Info.plist */ = {isa = PBXFileReference; lastKnownFileType = text.plist.xml; path = Info.plist; sourceTree = "<group>"; };
		570BD7282090FF0F002416BA /* Pokemon.swift */ = {isa = PBXFileReference; lastKnownFileType = sourcecode.swift; path = Pokemon.swift; sourceTree = "<group>"; };
/* End PBXFileReference section */

/* Begin PBXFrameworksBuildPhase section */
		570BD7102090FAA4002416BA /* Frameworks */ = {
			isa = PBXFrameworksBuildPhase;
			buildActionMask = 2147483647;
			files = (
			);
			runOnlyForDeploymentPostprocessing = 0;
		};
/* End PBXFrameworksBuildPhase section */

/* Begin PBXGroup section */
		570BD70A2090FAA4002416BA = {
			isa = PBXGroup;
			children = (
				570BD7152090FAA4002416BA /* materualAuxiliar */,
				570BD7142090FAA4002416BA /* Products */,
			);
			sourceTree = "<group>";
		};
		570BD7142090FAA4002416BA /* Products */ = {
			isa = PBXGroup;
			children = (
				570BD7132090FAA4002416BA /* materualAuxiliar.app */,
			);
			name = Products;
			sourceTree = "<group>";
		};
		570BD7152090FAA4002416BA /* materualAuxiliar */ = {
			isa = PBXGroup;
			children = (
				570BD7162090FAA4002416BA /* AppDelegate.swift */,
				570BD7282090FF0F002416BA /* Pokemon.swift */,
				570BD7182090FAA4002416BA /* ViewController.swift */,
				570BD71A2090FAA4002416BA /* Main.storyboard */,
				570BD71D2090FAA6002416BA /* Assets.xcassets */,
				570BD71F2090FAA6002416BA /* LaunchScreen.storyboard */,
				570BD7222090FAA6002416BA /* Info.plist */,
			);
			path = materualAuxiliar;
			sourceTree = "<group>";
		};
/* End PBXGroup section */

/* Begin PBXNativeTarget section */
		570BD7122090FAA4002416BA /* materualAuxiliar */ = {
			isa = PBXNativeTarget;
			buildConfigurationList = 570BD7252090FAA6002416BA /* Build configuration list for PBXNativeTarget "materualAuxiliar" */;
			buildPhases = (
				570BD70F2090FAA4002416BA /* Sources */,
				570BD7102090FAA4002416BA /* Frameworks */,
				570BD7112090FAA4002416BA /* Resources */,
			);
			buildRules = (
			);
			dependencies = (
			);
			name = materualAuxiliar;
			productName = materualAuxiliar;
			productReference = 570BD7132090FAA4002416BA /* materualAuxiliar.app */;
			productType = "com.apple.product-type.application";
		};
/* End PBXNativeTarget section */

/* Begin PBXProject section */
		570BD70B2090FAA4002416BA /* Project object */ = {
			isa = PBXProject;
			attributes = {
				LastSwiftUpdateCheck = 0930;
				LastUpgradeCheck = 0930;
				ORGANIZATIONNAME = Aluno;
				TargetAttributes = {
					570BD7122090FAA4002416BA = {
						CreatedOnToolsVersion = 9.3;
					};
				};
			};
			buildConfigurationList = 570BD70E2090FAA4002416BA /* Build configuration list for PBXProject "materualAuxiliar" */;
			compatibilityVersion = "Xcode 9.3";
			developmentRegion = en;
			hasScannedForEncodings = 0;
			knownRegions = (
				en,
				Base,
			);
			mainGroup = 570BD70A2090FAA4002416BA;
			productRefGroup = 570BD7142090FAA4002416BA /* Products */;
			projectDirPath = "";
			projectRoot = "";
			targets = (
				570BD7122090FAA4002416BA /* materualAuxiliar */,
			);
		};
/* End PBXProject section */

/* Begin PBXResourcesBuildPhase section */
		570BD7112090FAA4002416BA /* Resources */ = {
			isa = PBXResourcesBuildPhase;
			buildActionMask = 2147483647;
			files = (
				570BD7212090FAA6002416BA /* LaunchScreen.storyboard in Resources */,
				570BD71E2090FAA6002416BA /* Assets.xcassets in Resources */,
				570BD71C2090FAA4002416BA /* Main.storyboard in Resources */,
			);
			runOnlyForDeploymentPostprocessing = 0;
		};
/* End PBXResourcesBuildPhase section */

/* Begin PBXSourcesBuildPhase section */
		570BD70F2090FAA4002416BA /* Sources */ = {
			isa = PBXSourcesBuildPhase;
			buildActionMask = 2147483647;
			files = (
				570BD7192090FAA4002416BA /* ViewController.swift in Sources */,
				570BD7172090FAA4002416BA /* AppDelegate.swift in Sources */,
				570BD7292090FF0F002416BA /* Pokemon.swift in Sources */,
			);
			runOnlyForDeploymentPostprocessing = 0;
		};
/* End PBXSourcesBuildPhase section */

/* Begin PBXVariantGroup section */
		570BD71A2090FAA4002416BA /* Main.storyboard */ = {
			isa = PBXVariantGroup;
			children = (
				570BD71B2090FAA4002416BA /* Base */,
			);
			name = Main.storyboard;
			sourceTree = "<group>";
		};
		570BD71F2090FAA6002416BA /* LaunchScreen.storyboard */ = {
			isa = PBXVariantGroup;
			children = (
				570BD7202090FAA6002416BA /* Base */,
			);
			name = LaunchScreen.storyboard;
			sourceTree = "<group>";
		};
/* End PBXVariantGroup section */

/* Begin XCBuildConfiguration section */
		570BD7232090FAA6002416BA /* Debug */ = {
			isa = XCBuildConfiguration;
			buildSettings = {
				ALWAYS_SEARCH_USER_PATHS = NO;
				CLANG_ANALYZER_NONNULL = YES;
				CLANG_ANALYZER_NUMBER_OBJECT_CONVERSION = YES_AGGRESSIVE;
				CLANG_CXX_LANGUAGE_STANDARD = "gnu++14";
				CLANG_CXX_LIBRARY = "libc++";
				CLANG_ENABLE_MODULES = YES;
				CLANG_ENABLE_OBJC_ARC = YES;
				CLANG_ENABLE_OBJC_WEAK = YES;
				CLANG_WARN_BLOCK_CAPTURE_AUTORELEASING = YES;
				CLANG_WARN_BOOL_CONVERSION = YES;
				CLANG_WARN_COMMA = YES;
				CLANG_WARN_CONSTANT_CONVERSION = YES;
				CLANG_WARN_DEPRECATED_OBJC_IMPLEMENTATIONS = YES;
				CLANG_WARN_DIRECT_OBJC_ISA_USAGE = YES_ERROR;
				CLANG_WARN_DOCUMENTATION_COMMENTS = YES;
				CLANG_WARN_EMPTY_BODY = YES;
				CLANG_WARN_ENUM_CONVERSION = YES;
				CLANG_WARN_INFINITE_RECURSION = YES;
				CLANG_WARN_INT_CONVERSION = YES;
				CLANG_WARN_NON_LITERAL_NULL_CONVERSION = YES;
				CLANG_WARN_OBJC_IMPLICIT_RETAIN_SELF = YES;
				CLANG_WARN_OBJC_LITERAL_CONVERSION = YES;
				CLANG_WARN_OBJC_ROOT_CLASS = YES_ERROR;
				CLANG_WARN_RANGE_LOOP_ANALYSIS = YES;
				CLANG_WARN_STRICT_PROTOTYPES = YES;
				CLANG_WARN_SUSPICIOUS_MOVE = YES;
				CLANG_WARN_UNGUARDED_AVAILABILITY = YES_AGGRESSIVE;
				CLANG_WARN_UNREACHABLE_CODE = YES;
				CLANG_WARN__DUPLICATE_METHOD_MATCH = YES;
				CODE_SIGN_IDENTITY = "iPhone Developer";
				COPY_PHASE_STRIP = NO;
				DEBUG_INFORMATION_FORMAT = dwarf;
				ENABLE_STRICT_OBJC_MSGSEND = YES;
				ENABLE_TESTABILITY = YES;
				GCC_C_LANGUAGE_STANDARD = gnu11;
				GCC_DYNAMIC_NO_PIC = NO;
				GCC_NO_COMMON_BLOCKS = YES;
				GCC_OPTIMIZATION_LEVEL = 0;
				GCC_PREPROCESSOR_DEFINITIONS = (
					"DEBUG=1",
					"$(inherited)",
				);
				GCC_WARN_64_TO_32_BIT_CONVERSION = YES;
				GCC_WARN_ABOUT_RETURN_TYPE = YES_ERROR;
				GCC_WARN_UNDECLARED_SELECTOR = YES;
				GCC_WARN_UNINITIALIZED_AUTOS = YES_AGGRESSIVE;
				GCC_WARN_UNUSED_FUNCTION = YES;
				GCC_WARN_UNUSED_VARIABLE = YES;
				IPHONEOS_DEPLOYMENT_TARGET = 11.3;
				MTL_ENABLE_DEBUG_INFO = YES;
				ONLY_ACTIVE_ARCH = YES;
				SDKROOT = iphoneos;
				SWIFT_ACTIVE_COMPILATION_CONDITIONS = DEBUG;
				SWIFT_OPTIMIZATION_LEVEL = "-Onone";
			};
			name = Debug;
		};
		570BD7242090FAA6002416BA /* Release */ = {
			isa = XCBuildConfiguration;
			buildSettings = {
				ALWAYS_SEARCH_USER_PATHS = NO;
				CLANG_ANALYZER_NONNULL = YES;
				CLANG_ANALYZER_NUMBER_OBJECT_CONVERSION = YES_AGGRESSIVE;
				CLANG_CXX_LANGUAGE_STANDARD = "gnu++14";
				CLANG_CXX_LIBRARY = "libc++";
				CLANG_ENABLE_MODULES = YES;
				CLANG_ENABLE_OBJC_ARC = YES;
				CLANG_ENABLE_OBJC_WEAK = YES;
				CLANG_WARN_BLOCK_CAPTURE_AUTORELEASING = YES;
				CLANG_WARN_BOOL_CONVERSION = YES;
				CLANG_WARN_COMMA = YES;
				CLANG_WARN_CONSTANT_CONVERSION = YES;
				CLANG_WARN_DEPRECATED_OBJC_IMPLEMENTATIONS = YES;
				CLANG_WARN_DIRECT_OBJC_ISA_USAGE = YES_ERROR;
				CLANG_WARN_DOCUMENTATION_COMMENTS = YES;
				CLANG_WARN_EMPTY_BODY = YES;
				CLANG_WARN_ENUM_CONVERSION = YES;
				CLANG_WARN_INFINITE_RECURSION = YES;
				CLANG_WARN_INT_CONVERSION = YES;
				CLANG_WARN_NON_LITERAL_NULL_CONVERSION = YES;
				CLANG_WARN_OBJC_IMPLICIT_RETAIN_SELF = YES;
				CLANG_WARN_OBJC_LITERAL_CONVERSION = YES;
				CLANG_WARN_OBJC_ROOT_CLASS = YES_ERROR;
				CLANG_WARN_RANGE_LOOP_ANALYSIS = YES;
				CLANG_WARN_STRICT_PROTOTYPES = YES;
				CLANG_WARN_SUSPICIOUS_MOVE = YES;
				CLANG_WARN_UNGUARDED_AVAILABILITY = YES_AGGRESSIVE;
				CLANG_WARN_UNREACHABLE_CODE = YES;
				CLANG_WARN__DUPLICATE_METHOD_MATCH = YES;
				CODE_SIGN_IDENTITY = "iPhone Developer";
				COPY_PHASE_STRIP = NO;
				DEBUG_INFORMATION_FORMAT = "dwarf-with-dsym";
				ENABLE_NS_ASSERTIONS = NO;
				ENABLE_STRICT_OBJC_MSGSEND = YES;
				GCC_C_LANGUAGE_STANDARD = gnu11;
				GCC_NO_COMMON_BLOCKS = YES;
				GCC_WARN_64_TO_32_BIT_CONVERSION = YES;
				GCC_WARN_ABOUT_RETURN_TYPE = YES_ERROR;
				GCC_WARN_UNDECLARED_SELECTOR = YES;
				GCC_WARN_UNINITIALIZED_AUTOS = YES_AGGRESSIVE;
				GCC_WARN_UNUSED_FUNCTION = YES;
				GCC_WARN_UNUSED_VARIABLE = YES;
				IPHONEOS_DEPLOYMENT_TARGET = 11.3;
				MTL_ENABLE_DEBUG_INFO = NO;
				SDKROOT = iphoneos;
				SWIFT_COMPILATION_MODE = wholemodule;
				SWIFT_OPTIMIZATION_LEVEL = "-O";
				VALIDATE_PRODUCT = YES;
			};
			name = Release;
		};
		570BD7262090FAA6002416BA /* Debug */ = {
			isa = XCBuildConfiguration;
			buildSettings = {
				ASSETCATALOG_COMPILER_APPICON_NAME = AppIcon;
				CODE_SIGN_STYLE = Automatic;
				INFOPLIST_FILE = materualAuxiliar/Info.plist;
				LD_RUNPATH_SEARCH_PATHS = (
					"$(inherited)",
					"@executable_path/Frameworks",
				);
				PRODUCT_BUNDLE_IDENTIFIER = alo.materualAuxiliar;
				PRODUCT_NAME = "$(TARGET_NAME)";
				SWIFT_VERSION = 4.0;
				TARGETED_DEVICE_FAMILY = "1,2";
			};
			name = Debug;
		};
		570BD7272090FAA6002416BA /* Release */ = {
			isa = XCBuildConfiguration;
			buildSettings = {
				ASSETCATALOG_COMPILER_APPICON_NAME = AppIcon;
				CODE_SIGN_STYLE = Automatic;
				INFOPLIST_FILE = materualAuxiliar/Info.plist;
				LD_RUNPATH_SEARCH_PATHS = (
					"$(inherited)",
					"@executable_path/Frameworks",
				);
				PRODUCT_BUNDLE_IDENTIFIER = alo.materualAuxiliar;
				PRODUCT_NAME = "$(TARGET_NAME)";
				SWIFT_VERSION = 4.0;
				TARGETED_DEVICE_FAMILY = "1,2";
			};
			name = Release;
		};
/* End XCBuildConfiguration section */

/* Begin XCConfigurationList section */
		570BD70E2090FAA4002416BA /* Build configuration list for PBXProject "materualAuxiliar" */ = {
			isa = XCConfigurationList;
			buildConfigurations = (
				570BD7232090FAA6002416BA /* Debug */,
				570BD7242090FAA6002416BA /* Release */,
			);
			defaultConfigurationIsVisible = 0;
			defaultConfigurationName = Release;
		};
		570BD7252090FAA6002416BA /* Build configuration list for PBXNativeTarget "materualAuxiliar" */ = {
			isa = XCConfigurationList;
			buildConfigurations = (
				570BD7262090FAA6002416BA /* Debug */,
				570BD7272090FAA6002416BA /* Release */,
			);
			defaultConfigurationIsVisible = 0;
			defaultConfigurationName = Release;
		};
/* End XCConfigurationList section */
	};
	rootObject = 570BD70B2090FAA4002416BA /* Project object */;
}
